
Microsoft Visual Studio Solution File, Format Version 12.00
# Visual Studio 15
VisualStudioVersion = 15.0.27428.2043
MinimumVisualStudioVersion = 10.0.40219.1
Project("{FAE04EC0-301F-11D3-BF4B-00C04F79EFBC}") = "HuffmanCoding", "HuffmanCoding\HuffmanCoding.csproj", "{2F4729B4-BD60-4475-8E7B-D5BD8907B06E}"
EndProject
Global
	GlobalSection(SolutionConfigurationPlatforms) = preSolution
		Debug|Any CPU = Debug|Any CPU
		Release|Any CPU = Release|Any CPU
	EndGlobalSection
	GlobalSection(ProjectConfigurationPlatforms) = postSolution
		{2F4729B4-BD60-4475-8E7B-D5BD8907B06E}.Debug|Any CPU.ActiveCfg = Debug|Any CPU
		{2F4729B4-BD60-4475-8E7B-D5BD8907B06E}.Debug|Any CPU.Build.0 = Debug|Any CPU
		{2F4729B4-BD60-4475-8E7B-D5BD8907B06E}.Release|Any CPU.ActiveCfg = Release|Any CPU
		{2F4729B4-BD60-4475-8E7B-D5BD8907B06E}.Release|Any CPU.Build.0 = Release|Any CPU
	EndGlobalSection
	GlobalSection(SolutionProperties) = preSolution
		HideSolutionNode = FALSE
	EndGlobalSection
	GlobalSection(ExtensibilityGlobals) = postSolution
		SolutionGuid = {661ECE73-DB7E-437E-9048-5B51D54B3D1D}
	EndGlobalSection
EndGlobal
